
Microsoft Visual Studio Solution File, Format Version 12.00
# Visual Studio 15
Project("{FAE04EC0-301F-11D3-BF4B-00C04F79EFBC}") = "Assembly-CSharp", "Assembly-CSharp.csproj", "{EFFE186C-A525-CB44-8A82-EA293CB59C62}"
EndProject
Project("{FAE04EC0-301F-11D3-BF4B-00C04F79EFBC}") = "Assembly-CSharp-firstpass", "Assembly-CSharp-firstpass.csproj", "{5CAF84FF-10E8-8086-EB17-C32613281079}"
EndProject
Project("{FAE04EC0-301F-11D3-BF4B-00C04F79EFBC}") = "Assembly-CSharp-Editor", "Assembly-CSharp-Editor.csproj", "{39967356-0557-CCD9-6275-3643E1963AD8}"
EndProject
Global
	GlobalSection(SolutionConfigurationPlatforms) = preSolution
		Debug|Any CPU = Debug|Any CPU
		Release|Any CPU = Release|Any CPU
	EndGlobalSection
	GlobalSection(ProjectConfigurationPlatforms) = postSolution
		{EFFE186C-A525-CB44-8A82-EA293CB59C62}.Debug|Any CPU.ActiveCfg = Debug|Any CPU
		{EFFE186C-A525-CB44-8A82-EA293CB59C62}.Debug|Any CPU.Build.0 = Debug|Any CPU
		{EFFE186C-A525-CB44-8A82-EA293CB59C62}.Release|Any CPU.ActiveCfg = Release|Any CPU
		{EFFE186C-A525-CB44-8A82-EA293CB59C62}.Release|Any CPU.Build.0 = Release|Any CPU
		{5CAF84FF-10E8-8086-EB17-C32613281079}.Debug|Any CPU.ActiveCfg = Debug|Any CPU
		{5CAF84FF-10E8-8086-EB17-C32613281079}.Debug|Any CPU.Build.0 = Debug|Any CPU
		{5CAF84FF-10E8-8086-EB17-C32613281079}.Release|Any CPU.ActiveCfg = Release|Any CPU
		{5CAF84FF-10E8-8086-EB17-C32613281079}.Release|Any CPU.Build.0 = Release|Any CPU
		{39967356-0557-CCD9-6275-3643E1963AD8}.Debug|Any CPU.ActiveCfg = Debug|Any CPU
		{39967356-0557-CCD9-6275-3643E1963AD8}.Debug|Any CPU.Build.0 = Debug|Any CPU
		{39967356-0557-CCD9-6275-3643E1963AD8}.Release|Any CPU.ActiveCfg = Release|Any CPU
		{39967356-0557-CCD9-6275-3643E1963AD8}.Release|Any CPU.Build.0 = Release|Any CPU
	EndGlobalSection
	GlobalSection(SolutionProperties) = preSolution
		HideSolutionNode = FALSE
	EndGlobalSection
EndGlobal
